
Microsoft Visual Studio Solution File, Format Version 12.00
# Visual Studio Version 16
VisualStudioVersion = 16.0.30717.126
MinimumVisualStudioVersion = 10.0.40219.1
Project("{9A19103F-16F7-4668-BE54-9A1E7A4F7556}") = "OA.Model", "OA.Model\OA.Model.csproj", "{0C53D2B3-C407-4000-A928-6C76600FD189}"
EndProject
Project("{9A19103F-16F7-4668-BE54-9A1E7A4F7556}") = "OA.IRepository", "OA.IRepository\OA.IRepository.csproj", "{1E68B743-2C81-4B81-BA71-31024B8409AA}"
EndProject
Project("{9A19103F-16F7-4668-BE54-9A1E7A4F7556}") = "OA.Repository", "OA.Repository\OA.Repository.csproj", "{52A18914-4227-494E-8CD6-496C2E314C7D}"
EndProject
Project("{9A19103F-16F7-4668-BE54-9A1E7A4F7556}") = "OA.IService", "OA.IService\OA.IService.csproj", "{B6E2DFE6-BA8B-43F2-8624-A093BC34A0D0}"
EndProject
Project("{9A19103F-16F7-4668-BE54-9A1E7A4F7556}") = "OA.Service", "OA.Service\OA.Service.csproj", "{D0511B1D-7EB0-4B5B-AAD1-D63F29ED97C0}"
EndProject
Project("{9A19103F-16F7-4668-BE54-9A1E7A4F7556}") = "OA.WebAPI", "OA.WebAPI\OA.WebAPI.csproj", "{7FB6498A-D9CE-48BE-A14B-F7B0042B91B9}"
EndProject
Project("{9A19103F-16F7-4668-BE54-9A1E7A4F7556}") = "OA.Test", "OA.Test\OA.Test.csproj", "{91784400-D637-458F-9EE7-829ABB61EF74}"
EndProject
Project("{FAE04EC0-301F-11D3-BF4B-00C04F79EFBC}") = "OA.MVC", "OA.MVC\OA.MVC.csproj", "{5E91C560-0ADB-4189-81EF-C882C84228B6}"
EndProject
Project("{FAE04EC0-301F-11D3-BF4B-00C04F79EFBC}") = "OA.Utility", "OA.Utility\OA.Utility.csproj", "{302D2407-2B0B-4014-AFC3-423428945804}"
EndProject
Global
	GlobalSection(SolutionConfigurationPlatforms) = preSolution
		Debug|Any CPU = Debug|Any CPU
		Release|Any CPU = Release|Any CPU
	EndGlobalSection
	GlobalSection(ProjectConfigurationPlatforms) = postSolution
		{0C53D2B3-C407-4000-A928-6C76600FD189}.Debug|Any CPU.ActiveCfg = Debug|Any CPU
		{0C53D2B3-C407-4000-A928-6C76600FD189}.Debug|Any CPU.Build.0 = Debug|Any CPU
		{0C53D2B3-C407-4000-A928-6C76600FD189}.Release|Any CPU.ActiveCfg = Release|Any CPU
		{0C53D2B3-C407-4000-A928-6C76600FD189}.Release|Any CPU.Build.0 = Release|Any CPU
		{1E68B743-2C81-4B81-BA71-31024B8409AA}.Debug|Any CPU.ActiveCfg = Debug|Any CPU
		{1E68B743-2C81-4B81-BA71-31024B8409AA}.Debug|Any CPU.Build.0 = Debug|Any CPU
		{1E68B743-2C81-4B81-BA71-31024B8409AA}.Release|Any CPU.ActiveCfg = Release|Any CPU
		{1E68B743-2C81-4B81-BA71-31024B8409AA}.Release|Any CPU.Build.0 = Release|Any CPU
		{52A18914-4227-494E-8CD6-496C2E314C7D}.Debug|Any CPU.ActiveCfg = Debug|Any CPU
		{52A18914-4227-494E-8CD6-496C2E314C7D}.Debug|Any CPU.Build.0 = Debug|Any CPU
		{52A18914-4227-494E-8CD6-496C2E314C7D}.Release|Any CPU.ActiveCfg = Release|Any CPU
		{52A18914-4227-494E-8CD6-496C2E314C7D}.Release|Any CPU.Build.0 = Release|Any CPU
		{B6E2DFE6-BA8B-43F2-8624-A093BC34A0D0}.Debug|Any CPU.ActiveCfg = Debug|Any CPU
		{B6E2DFE6-BA8B-43F2-8624-A093BC34A0D0}.Debug|Any CPU.Build.0 = Debug|Any CPU
		{B6E2DFE6-BA8B-43F2-8624-A093BC34A0D0}.Release|Any CPU.ActiveCfg = Release|Any CPU
		{B6E2DFE6-BA8B-43F2-8624-A093BC34A0D0}.Release|Any CPU.Build.0 = Release|Any CPU
		{D0511B1D-7EB0-4B5B-AAD1-D63F29ED97C0}.Debug|Any CPU.ActiveCfg = Debug|Any CPU
		{D0511B1D-7EB0-4B5B-AAD1-D63F29ED97C0}.Debug|Any CPU.Build.0 = Debug|Any CPU
		{D0511B1D-7EB0-4B5B-AAD1-D63F29ED97C0}.Release|Any CPU.ActiveCfg = Release|Any CPU
		{D0511B1D-7EB0-4B5B-AAD1-D63F29ED97C0}.Release|Any CPU.Build.0 = Release|Any CPU
		{7FB6498A-D9CE-48BE-A14B-F7B0042B91B9}.Debug|Any CPU.ActiveCfg = Debug|Any CPU
		{7FB6498A-D9CE-48BE-A14B-F7B0042B91B9}.Debug|Any CPU.Build.0 = Debug|Any CPU
		{7FB6498A-D9CE-48BE-A14B-F7B0042B91B9}.Release|Any CPU.ActiveCfg = Release|Any CPU
		{7FB6498A-D9CE-48BE-A14B-F7B0042B91B9}.Release|Any CPU.Build.0 = Release|Any CPU
		{91784400-D637-458F-9EE7-829ABB61EF74}.Debug|Any CPU.ActiveCfg = Debug|Any CPU
		{91784400-D637-458F-9EE7-829ABB61EF74}.Debug|Any CPU.Build.0 = Debug|Any CPU
		{91784400-D637-458F-9EE7-829ABB61EF74}.Release|Any CPU.ActiveCfg = Release|Any CPU
		{91784400-D637-458F-9EE7-829ABB61EF74}.Release|Any CPU.Build.0 = Release|Any CPU
		{5E91C560-0ADB-4189-81EF-C882C84228B6}.Debug|Any CPU.ActiveCfg = Debug|Any CPU
		{5E91C560-0ADB-4189-81EF-C882C84228B6}.Debug|Any CPU.Build.0 = Debug|Any CPU
		{5E91C560-0ADB-4189-81EF-C882C84228B6}.Release|Any CPU.ActiveCfg = Release|Any CPU
		{5E91C560-0ADB-4189-81EF-C882C84228B6}.Release|Any CPU.Build.0 = Release|Any CPU
		{302D2407-2B0B-4014-AFC3-423428945804}.Debug|Any CPU.ActiveCfg = Debug|Any CPU
		{302D2407-2B0B-4014-AFC3-423428945804}.Debug|Any CPU.Build.0 = Debug|Any CPU
		{302D2407-2B0B-4014-AFC3-423428945804}.Release|Any CPU.ActiveCfg = Release|Any CPU
		{302D2407-2B0B-4014-AFC3-423428945804}.Release|Any CPU.Build.0 = Release|Any CPU
	EndGlobalSection
	GlobalSection(SolutionProperties) = preSolution
		HideSolutionNode = FALSE
	EndGlobalSection
	GlobalSection(ExtensibilityGlobals) = postSolution
		SolutionGuid = {53F7DE37-45CA-4250-900A-28D59AA29C25}
	EndGlobalSection
EndGlobal
